{
  "name": "frontend",
  "lockfileVersion": 3,
  "requires": true,
  "packages": {
    "": {
      "devDependencies": {
        "@types/web": "^0.0.327"
      }
    },
    "node_modules/@types/web": {
      "version": "0.0.327",
      "resolved": "https://registry.npmjs.org/@types/web/-/web-0.0.327.tgz",
      "integrity": "sha512-BLtA883xQrAHHNRpJIwGARuZOdNJyTDKdrE6x5S2iAFHWO+rOg0ZHmAjfOhOVl3kjsZy4JcgFziB+7ql/lZJ2w==",
      "dev": true,
      "license": "Apache-2.0"
    }
  }
}
